PODS:
  - AwaitKit (5.2.0):
    - PromiseKit (~> 6)
  - Base58Swift (2.1.10):
    - BigInt (~> 5.0.0)
  - BigInt (5.0.0)
  - KeychainAccess (4.2.2)
  - nearclientios (0.1.0):
    - AwaitKit (~> 5.2.0)
    - Base58Swift (~> 2.1.10)
    - KeychainAccess (~> 4.2.2)
    - TweetNacl (~> 1.0)
  - Nimble (9.2.1)
  - PromiseKit (6.15.3):
    - PromiseKit/CorePromise (= 6.15.3)
    - PromiseKit/Foundation (= 6.15.3)
    - PromiseKit/UIKit (= 6.15.3)
  - PromiseKit/CorePromise (6.15.3)
  - PromiseKit/Foundation (6.15.3):
    - PromiseKit/CorePromise
  - PromiseKit/UIKit (6.15.3):
    - PromiseKit/CorePromise
  - Quick (4.0.0)
  - TweetNacl (1.0.2)

DEPENDENCIES:
  - nearclientios (from `../`)
  - Nimble
  - Quick

SPEC REPOS:
  trunk:
    - AwaitKit
    - Base58Swift
    - BigInt
    - KeychainAccess
    - Nimble
    - PromiseKit
    - Quick
    - TweetNacl

EXTERNAL SOURCES:
  nearclientios:
    :path: "../"

SPEC CHECKSUMS:
  AwaitKit: 512626cd12c82b1fbffddc8f414d0364cb456004
  Base58Swift: 53d551f0b33d9478fa63b3445e453a772d6b31a7
  BigInt: 74b4d88367b0e819d9f77393549226d36faeb0d8
  KeychainAccess: c0c4f7f38f6fc7bbe58f5702e25f7bd2f65abf51
  nearclientios: fc1e740a1d6a020d548c7f2e889b646161cf0aba
  Nimble: e7e615c0335ee4bf5b0d786685451e62746117d5
  PromiseKit: 3b2b6995e51a954c46dbc550ce3da44fbfb563c5
  Quick: 6473349e43b9271a8d43839d9ba1c442ed1b7ac4
  TweetNacl: 3abf4d1d2082b0114e7a67410e300892448951e6

PODFILE CHECKSUM: 94032e5674b919cac77bff067f1a3ae57504b308

COCOAPODS: 1.11.2
